
Microsoft Visual Studio Solution File, Format Version 12.00
# Visual Studio Version 16
VisualStudioVersion = 16.0.30413.136
MinimumVisualStudioVersion = 10.0.40219.1
Project("{FAE04EC0-301F-11D3-BF4B-00C04F79EFBC}") = "Lesson1LabA", "Lesson1LabA.csproj", "{8609CAC3-5F51-4D37-92B2-5AC384D3F412}"
EndProject
Global
	GlobalSection(SolutionConfigurationPlatforms) = preSolution
		Debug|Any CPU = Debug|Any CPU
		Release|Any CPU = Release|Any CPU
	EndGlobalSection
	GlobalSection(ProjectConfigurationPlatforms) = postSolution
		{8609CAC3-5F51-4D37-92B2-5AC384D3F412}.Debug|Any CPU.ActiveCfg = Debug|Any CPU
		{8609CAC3-5F51-4D37-92B2-5AC384D3F412}.Debug|Any CPU.Build.0 = Debug|Any CPU
		{8609CAC3-5F51-4D37-92B2-5AC384D3F412}.Release|Any CPU.ActiveCfg = Release|Any CPU
		{8609CAC3-5F51-4D37-92B2-5AC384D3F412}.Release|Any CPU.Build.0 = Release|Any CPU
	EndGlobalSection
	GlobalSection(SolutionProperties) = preSolution
		HideSolutionNode = FALSE
	EndGlobalSection
	GlobalSection(ExtensibilityGlobals) = postSolution
		SolutionGuid = {207A8B6D-17F1-40AB-97F3-3BCC9E2D477C}
	EndGlobalSection
EndGlobal
